
Microsoft Visual Studio Solution File, Format Version 12.00
# Visual Studio 2012
Project("{FAE04EC0-301F-11D3-BF4B-00C04F79EFBC}") = "MPTLib.Test", "MPTLib.Test\MPTLib.Test.csproj", "{CCF52531-0068-4E97-9525-6E5588DD7EF9}"
EndProject
Project("{2150E333-8FDC-42A3-9474-1A3956D46DE8}") = ".nuget", ".nuget", "{3ACDF1B7-6841-4471-84E7-AE2F46EE55AE}"
	ProjectSection(SolutionItems) = preProject
		.nuget\NuGet.Config = .nuget\NuGet.Config
		.nuget\NuGet.exe = .nuget\NuGet.exe
		.nuget\NuGet.targets = .nuget\NuGet.targets
	EndProjectSection
EndProject
Project("{FAE04EC0-301F-11D3-BF4B-00C04F79EFBC}") = "MptLib", "MptLib\MptLib.csproj", "{6EDC1D0F-7CCE-4A38-B84E-8911AA3BC4E2}"
EndProject
Project("{FAE04EC0-301F-11D3-BF4B-00C04F79EFBC}") = "dbf2sql", "dbf2sql\dbf2sql.csproj", "{F4F9BBBE-79A6-4618-A3A0-11C782711BCB}"
EndProject
Project("{FAE04EC0-301F-11D3-BF4B-00C04F79EFBC}") = "ExcelReader", "ExcelReader\ExcelReader.csproj", "{5985D925-56C1-4099-8C47-F8800E3F84A9}"
EndProject
Global
	GlobalSection(TestCaseManagementSettings) = postSolution
		CategoryFile = MPT.Net.vsmdi
	EndGlobalSection
	GlobalSection(SolutionConfigurationPlatforms) = preSolution
		Debug|Any CPU = Debug|Any CPU
		Debug|Mixed Platforms = Debug|Mixed Platforms
		Debug|x86 = Debug|x86
		Release|Any CPU = Release|Any CPU
		Release|Mixed Platforms = Release|Mixed Platforms
		Release|x86 = Release|x86
	EndGlobalSection
	GlobalSection(ProjectConfigurationPlatforms) = postSolution
		{CCF52531-0068-4E97-9525-6E5588DD7EF9}.Debug|Any CPU.ActiveCfg = Debug|Any CPU
		{CCF52531-0068-4E97-9525-6E5588DD7EF9}.Debug|Any CPU.Build.0 = Debug|Any CPU
		{CCF52531-0068-4E97-9525-6E5588DD7EF9}.Debug|Mixed Platforms.ActiveCfg = Debug|Any CPU
		{CCF52531-0068-4E97-9525-6E5588DD7EF9}.Debug|Mixed Platforms.Build.0 = Debug|Any CPU
		{CCF52531-0068-4E97-9525-6E5588DD7EF9}.Debug|x86.ActiveCfg = Debug|Any CPU
		{CCF52531-0068-4E97-9525-6E5588DD7EF9}.Release|Any CPU.ActiveCfg = Release|Any CPU
		{CCF52531-0068-4E97-9525-6E5588DD7EF9}.Release|Any CPU.Build.0 = Release|Any CPU
		{CCF52531-0068-4E97-9525-6E5588DD7EF9}.Release|Mixed Platforms.ActiveCfg = Release|Any CPU
		{CCF52531-0068-4E97-9525-6E5588DD7EF9}.Release|Mixed Platforms.Build.0 = Release|Any CPU
		{CCF52531-0068-4E97-9525-6E5588DD7EF9}.Release|x86.ActiveCfg = Release|Any CPU
		{6EDC1D0F-7CCE-4A38-B84E-8911AA3BC4E2}.Debug|Any CPU.ActiveCfg = Debug|Any CPU
		{6EDC1D0F-7CCE-4A38-B84E-8911AA3BC4E2}.Debug|Any CPU.Build.0 = Debug|Any CPU
		{6EDC1D0F-7CCE-4A38-B84E-8911AA3BC4E2}.Debug|Mixed Platforms.ActiveCfg = Debug|Any CPU
		{6EDC1D0F-7CCE-4A38-B84E-8911AA3BC4E2}.Debug|Mixed Platforms.Build.0 = Debug|Any CPU
		{6EDC1D0F-7CCE-4A38-B84E-8911AA3BC4E2}.Debug|x86.ActiveCfg = Debug|Any CPU
		{6EDC1D0F-7CCE-4A38-B84E-8911AA3BC4E2}.Release|Any CPU.ActiveCfg = Release|Any CPU
		{6EDC1D0F-7CCE-4A38-B84E-8911AA3BC4E2}.Release|Any CPU.Build.0 = Release|Any CPU
		{6EDC1D0F-7CCE-4A38-B84E-8911AA3BC4E2}.Release|Mixed Platforms.ActiveCfg = Release|Any CPU
		{6EDC1D0F-7CCE-4A38-B84E-8911AA3BC4E2}.Release|Mixed Platforms.Build.0 = Release|Any CPU
		{6EDC1D0F-7CCE-4A38-B84E-8911AA3BC4E2}.Release|x86.ActiveCfg = Release|Any CPU
		{F4F9BBBE-79A6-4618-A3A0-11C782711BCB}.Debug|Any CPU.ActiveCfg = Debug|Any CPU
		{F4F9BBBE-79A6-4618-A3A0-11C782711BCB}.Debug|Any CPU.Build.0 = Debug|Any CPU
		{F4F9BBBE-79A6-4618-A3A0-11C782711BCB}.Debug|Mixed Platforms.ActiveCfg = Debug|Any CPU
		{F4F9BBBE-79A6-4618-A3A0-11C782711BCB}.Debug|Mixed Platforms.Build.0 = Debug|Any CPU
		{F4F9BBBE-79A6-4618-A3A0-11C782711BCB}.Debug|x86.ActiveCfg = Debug|Any CPU
		{F4F9BBBE-79A6-4618-A3A0-11C782711BCB}.Release|Any CPU.ActiveCfg = Release|Any CPU
		{F4F9BBBE-79A6-4618-A3A0-11C782711BCB}.Release|Any CPU.Build.0 = Release|Any CPU
		{F4F9BBBE-79A6-4618-A3A0-11C782711BCB}.Release|Mixed Platforms.ActiveCfg = Release|Any CPU
		{F4F9BBBE-79A6-4618-A3A0-11C782711BCB}.Release|Mixed Platforms.Build.0 = Release|Any CPU
		{F4F9BBBE-79A6-4618-A3A0-11C782711BCB}.Release|x86.ActiveCfg = Release|Any CPU
		{5985D925-56C1-4099-8C47-F8800E3F84A9}.Debug|Any CPU.ActiveCfg = Debug|Any CPU
		{5985D925-56C1-4099-8C47-F8800E3F84A9}.Debug|Any CPU.Build.0 = Debug|Any CPU
		{5985D925-56C1-4099-8C47-F8800E3F84A9}.Debug|Mixed Platforms.ActiveCfg = Debug|Any CPU
		{5985D925-56C1-4099-8C47-F8800E3F84A9}.Debug|Mixed Platforms.Build.0 = Debug|Any CPU
		{5985D925-56C1-4099-8C47-F8800E3F84A9}.Debug|x86.ActiveCfg = Debug|Any CPU
		{5985D925-56C1-4099-8C47-F8800E3F84A9}.Release|Any CPU.ActiveCfg = Release|Any CPU
		{5985D925-56C1-4099-8C47-F8800E3F84A9}.Release|Any CPU.Build.0 = Release|Any CPU
		{5985D925-56C1-4099-8C47-F8800E3F84A9}.Release|Mixed Platforms.ActiveCfg = Release|Any CPU
		{5985D925-56C1-4099-8C47-F8800E3F84A9}.Release|Mixed Platforms.Build.0 = Release|Any CPU
		{5985D925-56C1-4099-8C47-F8800E3F84A9}.Release|x86.ActiveCfg = Release|Any CPU
	EndGlobalSection
	GlobalSection(SolutionProperties) = preSolution
		HideSolutionNode = FALSE
	EndGlobalSection
EndGlobal
